
Microsoft Visual Studio Solution File, Format Version 12.00
# Visual Studio Version 17
VisualStudioVersion = 17.14.36804.6
MinimumVisualStudioVersion = 10.0.40219.1
Project("{FAE04EC0-301F-11D3-BF4B-00C04F79EFBC}") = "Project1", "Project1\Project1.csproj", "{C341F407-ABA1-45E5-A616-15E1D17AAEA4}"
EndProject
Project("{FAE04EC0-301F-11D3-BF4B-00C04F79EFBC}") = "ConsoleApp1", "ConsoleApp1\ConsoleApp1.csproj", "{B8B3A9A7-3DBB-48D8-9AA5-7608DFD0A1DF}"
EndProject
Project("{FAE04EC0-301F-11D3-BF4B-00C04F79EFBC}") = "PrimeNumber", "ConsoleApp2\PrimeNumber.csproj", "{F1777295-0F69-4909-B7C0-4B19044C0E70}"
EndProject
Project("{FAE04EC0-301F-11D3-BF4B-00C04F79EFBC}") = "ConsoleApp3", "ConsoleApp3\ConsoleApp3.csproj", "{D564F558-A369-4E7C-84AE-24A2C9A0C9AA}"
EndProject
Project("{FAE04EC0-301F-11D3-BF4B-00C04F79EFBC}") = "Pattern", "Pattern\Pattern.csproj", "{3A31A8D5-E108-4BF1-8503-CE5AE0731F15}"
EndProject
Project("{FAE04EC0-301F-11D3-BF4B-00C04F79EFBC}") = "EvenOdd", "EvenOdd\EvenOdd.csproj", "{8A512ABF-1303-4B13-A904-5918F37D902A}"
EndProject
Project("{FAE04EC0-301F-11D3-BF4B-00C04F79EFBC}") = "01OopConcept1", "01OopConcept1\01OopConcept1.csproj", "{4B3FA516-DE12-4F14-8D02-66DB32548E2D}"
EndProject
Project("{2150E333-8FDC-42A3-9474-1A3956D46DE8}") = "Solution Items", "Solution Items", "{8EC462FD-D22E-90A8-E5CE-7E832BA40C5D}"
	ProjectSection(SolutionItems) = preProject
		Class2.cs = Class2.cs
	EndProjectSection
EndProject
Project("{FAE04EC0-301F-11D3-BF4B-00C04F79EFBC}") = "PersonClass", "PersonClass\PersonClass.csproj", "{331342D8-5AE3-47D7-81FA-54970215B70F}"
EndProject
Project("{FAE04EC0-301F-11D3-BF4B-00C04F79EFBC}") = "MethodOverloading", "MethodOverloading\MethodOverloading.csproj", "{7EBCF7A4-EDB8-4A2E-83AE-2387FC94CBF0}"
EndProject
Project("{FAE04EC0-301F-11D3-BF4B-00C04F79EFBC}") = "ConstructorOverloading", "ConstructorOverloading\ConstructorOverloading.csproj", "{91089D08-2E3F-4B92-BF4A-40B76A6AB300}"
EndProject
Project("{FAE04EC0-301F-11D3-BF4B-00C04F79EFBC}") = "QualfiedName", "QualfiedName\QualfiedName.csproj", "{954A7570-DBE6-4F8D-B243-DE52A16A8C45}"
EndProject
Project("{FAE04EC0-301F-11D3-BF4B-00C04F79EFBC}") = "7Demo_Inheritance", "7Demo_Inheritance\7Demo_Inheritance.csproj", "{609618F6-2145-4C48-B45B-C670CF7F7E32}"
EndProject
Project("{FAE04EC0-301F-11D3-BF4B-00C04F79EFBC}") = "OOP_Interface", "OOP_Interface\OOP_Interface.csproj", "{D2948D64-1783-4AF5-AD83-E713599E9A6A}"
EndProject
Project("{FAE04EC0-301F-11D3-BF4B-00C04F79EFBC}") = "8DemoOOPInterface", "8DemoOOPInterface\8DemoOOPInterface.csproj", "{DC68867C-032C-4DBC-9ACC-BDC93FBB2461}"
EndProject
Project("{FAE04EC0-301F-11D3-BF4B-00C04F79EFBC}") = "9DemoOOPInterface", "9DemoOOPInterface\9DemoOOPInterface.csproj", "{BE275787-B2DA-4FE9-AFF7-C88F28CA5DB9}"
EndProject
Project("{FAE04EC0-301F-11D3-BF4B-00C04F79EFBC}") = "10DemoReport", "10DemoReport\10DemoReport.csproj", "{D18B19C0-717C-4225-8A6A-72642FAE691C}"
EndProject
Project("{FAE04EC0-301F-11D3-BF4B-00C04F79EFBC}") = "12Sealed_Class", "12Sealed_Class\12Sealed_Class.csproj", "{B9098D2B-F446-471B-9309-2256BD1313BC}"
EndProject
Project("{FAE04EC0-301F-11D3-BF4B-00C04F79EFBC}") = "11DemoSingleton", "11DemoSingleton\11DemoSingleton.csproj", "{6C5CC1C0-3DA8-4A21-966C-9C674B0FEA1F}"
EndProject
Project("{FAE04EC0-301F-11D3-BF4B-00C04F79EFBC}") = "13Demo_Notepad", "13Demo_Notepad\13Demo_Notepad.csproj", "{BCA2F9C2-3EC4-4698-8655-2EE0154184C2}"
EndProject
Project("{FAE04EC0-301F-11D3-BF4B-00C04F79EFBC}") = "18DemoDelegates", "!8DemoDelegates\18DemoDelegates.csproj", "{D36CBEB9-A39D-412F-85B0-3A1E15AF4E46}"
EndProject
Project("{FAE04EC0-301F-11D3-BF4B-00C04F79EFBC}") = "14DemoProperties", "14DemoProperties\14DemoProperties.csproj", "{ABB6D3C4-AF71-40EF-AD4D-5FB69CB2946D}"
EndProject
Project("{FAE04EC0-301F-11D3-BF4B-00C04F79EFBC}") = "_15demo", "15demo\_15demo.csproj", "{252090A3-E4DC-4BC9-B3F5-F8AFDBE872A3}"
EndProject
Project("{FAE04EC0-301F-11D3-BF4B-00C04F79EFBC}") = "_16Demo_CMathClient", "_16Demo_CMathClient\_16Demo_CMathClient.csproj", "{26EC8DEA-3944-4D46-853D-39905D84863E}"
EndProject
Project("{FAE04EC0-301F-11D3-BF4B-00C04F79EFBC}") = "19_EventAndDelegate", "19_EventAndDelegate\19_EventAndDelegate.csproj", "{C606D754-655F-4FEE-BE30-8B675B3A8BC7}"
EndProject
Project("{FAE04EC0-301F-11D3-BF4B-00C04F79EFBC}") = "_20Demo_MultiCastDelegate", "_20Demo_MultiCastDelegate\_20Demo_MultiCastDelegate.csproj", "{B31AEE17-BC10-4387-937B-BD777F5152DF}"
EndProject
Project("{FAE04EC0-301F-11D3-BF4B-00C04F79EFBC}") = "21Demo_ObserverPattern", "21Demo_ObserverPattern\21Demo_ObserverPattern.csproj", "{A174654A-2E95-4C8F-A36A-CF4C3AFEE5C9}"
EndProject
Project("{FAE04EC0-301F-11D3-BF4B-00C04F79EFBC}") = "22Demo_Collection", "22Demo_Collection\22Demo_Collection.csproj", "{E5066EA6-39E8-4553-BD14-48602CA5909A}"
EndProject
Project("{FAE04EC0-301F-11D3-BF4B-00C04F79EFBC}") = "23Demo_Generic", "23Demo_Generic\23Demo_Generic.csproj", "{48F885E1-78AD-4A95-90A3-373DAA66D6F2}"
EndProject
Project("{FAE04EC0-301F-11D3-BF4B-00C04F79EFBC}") = "24Demo_GenericCollections", "24Demo_GenericCollections\24Demo_GenericCollections.csproj", "{FACEBF56-B390-4947-B455-39821AFE61CB}"
EndProject
Project("{FAE04EC0-301F-11D3-BF4B-00C04F79EFBC}") = "30Demo_MyMath", "30Demo_MyMath\30Demo_MyMath.csproj", "{400100C1-CFCC-4904-B536-90003BAAB852}"
EndProject
Project("{FAE04EC0-301F-11D3-BF4B-00C04F79EFBC}") = "_29Demo_Refelction", "_29Demo_Refelction\_29Demo_Refelction.csproj", "{13E7FE10-A376-44BD-B866-ECE059455A83}"
EndProject
Project("{FAE04EC0-301F-11D3-BF4B-00C04F79EFBC}") = "_25Demo_GenericDelegate", "_25Demo_GenericDelegate\_25Demo_GenericDelegate.csproj", "{A2FCF733-0681-42FE-BF40-4CD561B95633}"
EndProject
Project("{FAE04EC0-301F-11D3-BF4B-00C04F79EFBC}") = "_26Demo_FileIO", "_26Demo_FileIO\_26Demo_FileIO.csproj", "{77D6BD5C-A340-415C-BF95-0730D059B89A}"
EndProject
Project("{FAE04EC0-301F-11D3-BF4B-00C04F79EFBC}") = "_28Demo_Serialization", "_28Demo_Serialization\_28Demo_Serialization.csproj", "{D4A1221C-4A8D-4C46-A621-854CD2BF184D}"
EndProject
Project("{FAE04EC0-301F-11D3-BF4B-00C04F79EFBC}") = "_27Demo_BinarySerialization", "_27Demo_BinarySerialization\_27Demo_BinarySerialization.csproj", "{F06B65FB-3487-451B-935F-7D9C9936A0CF}"
EndProject
Project("{FAE04EC0-301F-11D3-BF4B-00C04F79EFBC}") = "_33Demo_EmpLib", "_33Demo_EmpLib\_33Demo_EmpLib.csproj", "{331C05AD-773D-44FB-97BF-47E2C034E4A6}"
EndProject
Project("{FAE04EC0-301F-11D3-BF4B-00C04F79EFBC}") = "_32Demo_MyApplication", "ConsoleApp4\_32Demo_MyApplication.csproj", "{ACCBA3E3-402C-4FE9-894C-E1D86A491174}"
EndProject
Project("{FAE04EC0-301F-11D3-BF4B-00C04F79EFBC}") = "_34Demo_CustomAttributes", "_34Demo_CustomAttributes\_34Demo_CustomAttributes.csproj", "{44C1C2D4-3534-4AB6-9248-D61B2B6277CB}"
EndProject
Project("{FAE04EC0-301F-11D3-BF4B-00C04F79EFBC}") = "_31Demo_BVSAttribute", "_31Demo_BVSAttribute\_31Demo_BVSAttribute.csproj", "{BFE824B0-0AB4-49AA-AFC9-AE6A6C3E671E}"
EndProject
Project("{FAE04EC0-301F-11D3-BF4B-00C04F79EFBC}") = "_35Demo_MyORM", "_35Demo_MyORM\_35Demo_MyORM.csproj", "{9BC57E26-E98C-45D6-9E63-BE8B8FCACC73}"
EndProject
Project("{FAE04EC0-301F-11D3-BF4B-00C04F79EFBC}") = "_36Demo_CSharpFeatures", "_36Demo_CSharpFeatures\_36Demo_CSharpFeatures.csproj", "{75F709B9-C57B-435F-A1FA-267EFFFB9499}"
EndProject
Project("{FAE04EC0-301F-11D3-BF4B-00C04F79EFBC}") = "_37Demo_CSharpFeatures", "_37Demo_CSharpFeatures\_37Demo_CSharpFeatures.csproj", "{884FD019-EC73-49C0-ADA4-FED235D11538}"
EndProject
Project("{FAE04EC0-301F-11D3-BF4B-00C04F79EFBC}") = "_38Demo_LINQ", "_38Demo_LINQ\_38Demo_LINQ.csproj", "{76C84264-8267-42A0-A072-46CB4059518F}"
EndProject
Project("{FAE04EC0-301F-11D3-BF4B-00C04F79EFBC}") = "_39Demo_LINQ", "_39Demo_LINQ\_39Demo_LINQ.csproj", "{8F2B25EF-57BD-4F93-8C6A-FA6A547E8D07}"
EndProject
Project("{FAE04EC0-301F-11D3-BF4B-00C04F79EFBC}") = "_40Demo_LINQ", "_40Demo_LINQ\_40Demo_LINQ.csproj", "{B2C3BF2E-CC3B-4CD9-8117-3C8AF099E221}"
EndProject
Project("{FAE04EC0-301F-11D3-BF4B-00C04F79EFBC}") = "_41Demo_LINQ", "_41Demo_LINQ\_41Demo_LINQ.csproj", "{21D6ABB5-1991-4CCA-B8EB-FE9778AC63B1}"
EndProject
Project("{FAE04EC0-301F-11D3-BF4B-00C04F79EFBC}") = "_42Demo_ConnectedAdoNet", "_42Demo_ConnectedAdoNet\_42Demo_ConnectedAdoNet.csproj", "{06D7919A-BB2A-4C5B-97E9-FD566858E1B4}"
EndProject
Project("{FAE04EC0-301F-11D3-BF4B-00C04F79EFBC}") = "sample", "sample\sample.csproj", "{FD2BF279-FAAB-4DA7-88BE-4021C702A7D5}"
EndProject
Project("{FAE04EC0-301F-11D3-BF4B-00C04F79EFBC}") = "_43Demo_ConnectedADO", "_43Demo_ConnectedADO\_43Demo_ConnectedADO.csproj", "{61093B6F-A96A-4C13-8293-0FB179E5A665}"
EndProject
Project("{FAE04EC0-301F-11D3-BF4B-00C04F79EFBC}") = "_44Demo_StoredProcedures", "_44Demo_StoredProcedures\_44Demo_StoredProcedures.csproj", "{30E731B9-60A0-4DA6-8B2B-7D72F5B232C4}"
EndProject
Project("{FAE04EC0-301F-11D3-BF4B-00C04F79EFBC}") = "_45Disconnected", "_45Disconnected\_45Disconnected.csproj", "{754DB184-36FA-412E-9316-7FD3954047AC}"
EndProject
Project("{FAE04EC0-301F-11D3-BF4B-00C04F79EFBC}") = "_46Demo_EntityFramewrok", "_46Demo_EntityFramewrok\_46Demo_EntityFramewrok.csproj", "{E7943EC3-3F76-4A12-A8B8-56CFBBAFC4F4}"
EndProject
Project("{FAE04EC0-301F-11D3-BF4B-00C04F79EFBC}") = "_47Demo_ExceptionHandling", "_47Demo_ExceptionHandling\_47Demo_ExceptionHandling.csproj", "{A51BBF8F-AB67-4273-828B-7F141F27DBAF}"
EndProject
Global
	GlobalSection(SolutionConfigurationPlatforms) = preSolution
		Debug|Any CPU = Debug|Any CPU
		Release|Any CPU = Release|Any CPU
	EndGlobalSection
	GlobalSection(ProjectConfigurationPlatforms) = postSolution
		{C341F407-ABA1-45E5-A616-15E1D17AAEA4}.Debug|Any CPU.ActiveCfg = Debug|Any CPU
		{C341F407-ABA1-45E5-A616-15E1D17AAEA4}.Debug|Any CPU.Build.0 = Debug|Any CPU
		{C341F407-ABA1-45E5-A616-15E1D17AAEA4}.Release|Any CPU.ActiveCfg = Release|Any CPU
		{C341F407-ABA1-45E5-A616-15E1D17AAEA4}.Release|Any CPU.Build.0 = Release|Any CPU
		{B8B3A9A7-3DBB-48D8-9AA5-7608DFD0A1DF}.Debug|Any CPU.ActiveCfg = Debug|Any CPU
		{B8B3A9A7-3DBB-48D8-9AA5-7608DFD0A1DF}.Debug|Any CPU.Build.0 = Debug|Any CPU
		{B8B3A9A7-3DBB-48D8-9AA5-7608DFD0A1DF}.Release|Any CPU.ActiveCfg = Release|Any CPU
		{B8B3A9A7-3DBB-48D8-9AA5-7608DFD0A1DF}.Release|Any CPU.Build.0 = Release|Any CPU
		{F1777295-0F69-4909-B7C0-4B19044C0E70}.Debug|Any CPU.ActiveCfg = Debug|Any CPU
		{F1777295-0F69-4909-B7C0-4B19044C0E70}.Debug|Any CPU.Build.0 = Debug|Any CPU
		{F1777295-0F69-4909-B7C0-4B19044C0E70}.Release|Any CPU.ActiveCfg = Release|Any CPU
		{F1777295-0F69-4909-B7C0-4B19044C0E70}.Release|Any CPU.Build.0 = Release|Any CPU
		{D564F558-A369-4E7C-84AE-24A2C9A0C9AA}.Debug|Any CPU.ActiveCfg = Debug|Any CPU
		{D564F558-A369-4E7C-84AE-24A2C9A0C9AA}.Debug|Any CPU.Build.0 = Debug|Any CPU
		{D564F558-A369-4E7C-84AE-24A2C9A0C9AA}.Release|Any CPU.ActiveCfg = Release|Any CPU
		{D564F558-A369-4E7C-84AE-24A2C9A0C9AA}.Release|Any CPU.Build.0 = Release|Any CPU
		{3A31A8D5-E108-4BF1-8503-CE5AE0731F15}.Debug|Any CPU.ActiveCfg = Debug|Any CPU
		{3A31A8D5-E108-4BF1-8503-CE5AE0731F15}.Debug|Any CPU.Build.0 = Debug|Any CPU
		{3A31A8D5-E108-4BF1-8503-CE5AE0731F15}.Release|Any CPU.ActiveCfg = Release|Any CPU
		{3A31A8D5-E108-4BF1-8503-CE5AE0731F15}.Release|Any CPU.Build.0 = Release|Any CPU
		{8A512ABF-1303-4B13-A904-5918F37D902A}.Debug|Any CPU.ActiveCfg = Debug|Any CPU
		{8A512ABF-1303-4B13-A904-5918F37D902A}.Debug|Any CPU.Build.0 = Debug|Any CPU
		{8A512ABF-1303-4B13-A904-5918F37D902A}.Release|Any CPU.ActiveCfg = Release|Any CPU
		{8A512ABF-1303-4B13-A904-5918F37D902A}.Release|Any CPU.Build.0 = Release|Any CPU
		{4B3FA516-DE12-4F14-8D02-66DB32548E2D}.Debug|Any CPU.ActiveCfg = Debug|Any CPU
		{4B3FA516-DE12-4F14-8D02-66DB32548E2D}.Debug|Any CPU.Build.0 = Debug|Any CPU
		{4B3FA516-DE12-4F14-8D02-66DB32548E2D}.Release|Any CPU.ActiveCfg = Release|Any CPU
		{4B3FA516-DE12-4F14-8D02-66DB32548E2D}.Release|Any CPU.Build.0 = Release|Any CPU
		{331342D8-5AE3-47D7-81FA-54970215B70F}.Debug|Any CPU.ActiveCfg = Debug|Any CPU
		{331342D8-5AE3-47D7-81FA-54970215B70F}.Debug|Any CPU.Build.0 = Debug|Any CPU
		{331342D8-5AE3-47D7-81FA-54970215B70F}.Release|Any CPU.ActiveCfg = Release|Any CPU
		{331342D8-5AE3-47D7-81FA-54970215B70F}.Release|Any CPU.Build.0 = Release|Any CPU
		{7EBCF7A4-EDB8-4A2E-83AE-2387FC94CBF0}.Debug|Any CPU.ActiveCfg = Debug|Any CPU
		{7EBCF7A4-EDB8-4A2E-83AE-2387FC94CBF0}.Debug|Any CPU.Build.0 = Debug|Any CPU
		{7EBCF7A4-EDB8-4A2E-83AE-2387FC94CBF0}.Release|Any CPU.ActiveCfg = Release|Any CPU
		{7EBCF7A4-EDB8-4A2E-83AE-2387FC94CBF0}.Release|Any CPU.Build.0 = Release|Any CPU
		{91089D08-2E3F-4B92-BF4A-40B76A6AB300}.Debug|Any CPU.ActiveCfg = Debug|Any CPU
		{91089D08-2E3F-4B92-BF4A-40B76A6AB300}.Debug|Any CPU.Build.0 = Debug|Any CPU
		{91089D08-2E3F-4B92-BF4A-40B76A6AB300}.Release|Any CPU.ActiveCfg = Release|Any CPU
		{91089D08-2E3F-4B92-BF4A-40B76A6AB300}.Release|Any CPU.Build.0 = Release|Any CPU
		{954A7570-DBE6-4F8D-B243-DE52A16A8C45}.Debug|Any CPU.ActiveCfg = Debug|Any CPU
		{954A7570-DBE6-4F8D-B243-DE52A16A8C45}.Debug|Any CPU.Build.0 = Debug|Any CPU
		{954A7570-DBE6-4F8D-B243-DE52A16A8C45}.Release|Any CPU.ActiveCfg = Release|Any CPU
		{954A7570-DBE6-4F8D-B243-DE52A16A8C45}.Release|Any CPU.Build.0 = Release|Any CPU
		{609618F6-2145-4C48-B45B-C670CF7F7E32}.Debug|Any CPU.ActiveCfg = Debug|Any CPU
		{609618F6-2145-4C48-B45B-C670CF7F7E32}.Debug|Any CPU.Build.0 = Debug|Any CPU
		{609618F6-2145-4C48-B45B-C670CF7F7E32}.Release|Any CPU.ActiveCfg = Release|Any CPU
		{609618F6-2145-4C48-B45B-C670CF7F7E32}.Release|Any CPU.Build.0 = Release|Any CPU
		{D2948D64-1783-4AF5-AD83-E713599E9A6A}.Debug|Any CPU.ActiveCfg = Debug|Any CPU
		{D2948D64-1783-4AF5-AD83-E713599E9A6A}.Debug|Any CPU.Build.0 = Debug|Any CPU
		{D2948D64-1783-4AF5-AD83-E713599E9A6A}.Release|Any CPU.ActiveCfg = Release|Any CPU
		{D2948D64-1783-4AF5-AD83-E713599E9A6A}.Release|Any CPU.Build.0 = Release|Any CPU
		{DC68867C-032C-4DBC-9ACC-BDC93FBB2461}.Debug|Any CPU.ActiveCfg = Debug|Any CPU
		{DC68867C-032C-4DBC-9ACC-BDC93FBB2461}.Debug|Any CPU.Build.0 = Debug|Any CPU
		{DC68867C-032C-4DBC-9ACC-BDC93FBB2461}.Release|Any CPU.ActiveCfg = Release|Any CPU
		{DC68867C-032C-4DBC-9ACC-BDC93FBB2461}.Release|Any CPU.Build.0 = Release|Any CPU
		{BE275787-B2DA-4FE9-AFF7-C88F28CA5DB9}.Debug|Any CPU.ActiveCfg = Debug|Any CPU
		{BE275787-B2DA-4FE9-AFF7-C88F28CA5DB9}.Debug|Any CPU.Build.0 = Debug|Any CPU
		{BE275787-B2DA-4FE9-AFF7-C88F28CA5DB9}.Release|Any CPU.ActiveCfg = Release|Any CPU
		{BE275787-B2DA-4FE9-AFF7-C88F28CA5DB9}.Release|Any CPU.Build.0 = Release|Any CPU
		{D18B19C0-717C-4225-8A6A-72642FAE691C}.Debug|Any CPU.ActiveCfg = Debug|Any CPU
		{D18B19C0-717C-4225-8A6A-72642FAE691C}.Debug|Any CPU.Build.0 = Debug|Any CPU
		{D18B19C0-717C-4225-8A6A-72642FAE691C}.Release|Any CPU.ActiveCfg = Release|Any CPU
		{D18B19C0-717C-4225-8A6A-72642FAE691C}.Release|Any CPU.Build.0 = Release|Any CPU
		{B9098D2B-F446-471B-9309-2256BD1313BC}.Debug|Any CPU.ActiveCfg = Debug|Any CPU
		{B9098D2B-F446-471B-9309-2256BD1313BC}.Debug|Any CPU.Build.0 = Debug|Any CPU
		{B9098D2B-F446-471B-9309-2256BD1313BC}.Release|Any CPU.ActiveCfg = Release|Any CPU
		{B9098D2B-F446-471B-9309-2256BD1313BC}.Release|Any CPU.Build.0 = Release|Any CPU
		{6C5CC1C0-3DA8-4A21-966C-9C674B0FEA1F}.Debug|Any CPU.ActiveCfg = Debug|Any CPU
		{6C5CC1C0-3DA8-4A21-966C-9C674B0FEA1F}.Debug|Any CPU.Build.0 = Debug|Any CPU
		{6C5CC1C0-3DA8-4A21-966C-9C674B0FEA1F}.Release|Any CPU.ActiveCfg = Release|Any CPU
		{6C5CC1C0-3DA8-4A21-966C-9C674B0FEA1F}.Release|Any CPU.Build.0 = Release|Any CPU
		{BCA2F9C2-3EC4-4698-8655-2EE0154184C2}.Debug|Any CPU.ActiveCfg = Debug|Any CPU
		{BCA2F9C2-3EC4-4698-8655-2EE0154184C2}.Debug|Any CPU.Build.0 = Debug|Any CPU
		{BCA2F9C2-3EC4-4698-8655-2EE0154184C2}.Release|Any CPU.ActiveCfg = Release|Any CPU
		{BCA2F9C2-3EC4-4698-8655-2EE0154184C2}.Release|Any CPU.Build.0 = Release|Any CPU
		{D36CBEB9-A39D-412F-85B0-3A1E15AF4E46}.Debug|Any CPU.ActiveCfg = Debug|Any CPU
		{D36CBEB9-A39D-412F-85B0-3A1E15AF4E46}.Debug|Any CPU.Build.0 = Debug|Any CPU
		{D36CBEB9-A39D-412F-85B0-3A1E15AF4E46}.Release|Any CPU.ActiveCfg = Release|Any CPU
		{D36CBEB9-A39D-412F-85B0-3A1E15AF4E46}.Release|Any CPU.Build.0 = Release|Any CPU
		{ABB6D3C4-AF71-40EF-AD4D-5FB69CB2946D}.Debug|Any CPU.ActiveCfg = Debug|Any CPU
		{ABB6D3C4-AF71-40EF-AD4D-5FB69CB2946D}.Debug|Any CPU.Build.0 = Debug|Any CPU
		{ABB6D3C4-AF71-40EF-AD4D-5FB69CB2946D}.Release|Any CPU.ActiveCfg = Release|Any CPU
		{ABB6D3C4-AF71-40EF-AD4D-5FB69CB2946D}.Release|Any CPU.Build.0 = Release|Any CPU
		{252090A3-E4DC-4BC9-B3F5-F8AFDBE872A3}.Debug|Any CPU.ActiveCfg = Debug|Any CPU
		{252090A3-E4DC-4BC9-B3F5-F8AFDBE872A3}.Debug|Any CPU.Build.0 = Debug|Any CPU
		{252090A3-E4DC-4BC9-B3F5-F8AFDBE872A3}.Release|Any CPU.ActiveCfg = Release|Any CPU
		{252090A3-E4DC-4BC9-B3F5-F8AFDBE872A3}.Release|Any CPU.Build.0 = Release|Any CPU
		{26EC8DEA-3944-4D46-853D-39905D84863E}.Debug|Any CPU.ActiveCfg = Debug|Any CPU
		{26EC8DEA-3944-4D46-853D-39905D84863E}.Debug|Any CPU.Build.0 = Debug|Any CPU
		{26EC8DEA-3944-4D46-853D-39905D84863E}.Release|Any CPU.ActiveCfg = Release|Any CPU
		{26EC8DEA-3944-4D46-853D-39905D84863E}.Release|Any CPU.Build.0 = Release|Any CPU
		{C606D754-655F-4FEE-BE30-8B675B3A8BC7}.Debug|Any CPU.ActiveCfg = Debug|Any CPU
		{C606D754-655F-4FEE-BE30-8B675B3A8BC7}.Debug|Any CPU.Build.0 = Debug|Any CPU
		{C606D754-655F-4FEE-BE30-8B675B3A8BC7}.Release|Any CPU.ActiveCfg = Release|Any CPU
		{C606D754-655F-4FEE-BE30-8B675B3A8BC7}.Release|Any CPU.Build.0 = Release|Any CPU
		{B31AEE17-BC10-4387-937B-BD777F5152DF}.Debug|Any CPU.ActiveCfg = Debug|Any CPU
		{B31AEE17-BC10-4387-937B-BD777F5152DF}.Debug|Any CPU.Build.0 = Debug|Any CPU
		{B31AEE17-BC10-4387-937B-BD777F5152DF}.Release|Any CPU.ActiveCfg = Release|Any CPU
		{B31AEE17-BC10-4387-937B-BD777F5152DF}.Release|Any CPU.Build.0 = Release|Any CPU
		{A174654A-2E95-4C8F-A36A-CF4C3AFEE5C9}.Debug|Any CPU.ActiveCfg = Debug|Any CPU
		{A174654A-2E95-4C8F-A36A-CF4C3AFEE5C9}.Debug|Any CPU.Build.0 = Debug|Any CPU
		{A174654A-2E95-4C8F-A36A-CF4C3AFEE5C9}.Release|Any CPU.ActiveCfg = Release|Any CPU
		{A174654A-2E95-4C8F-A36A-CF4C3AFEE5C9}.Release|Any CPU.Build.0 = Release|Any CPU
		{E5066EA6-39E8-4553-BD14-48602CA5909A}.Debug|Any CPU.ActiveCfg = Debug|Any CPU
		{E5066EA6-39E8-4553-BD14-48602CA5909A}.Debug|Any CPU.Build.0 = Debug|Any CPU
		{E5066EA6-39E8-4553-BD14-48602CA5909A}.Release|Any CPU.ActiveCfg = Release|Any CPU
		{E5066EA6-39E8-4553-BD14-48602CA5909A}.Release|Any CPU.Build.0 = Release|Any CPU
		{48F885E1-78AD-4A95-90A3-373DAA66D6F2}.Debug|Any CPU.ActiveCfg = Debug|Any CPU
		{48F885E1-78AD-4A95-90A3-373DAA66D6F2}.Debug|Any CPU.Build.0 = Debug|Any CPU
		{48F885E1-78AD-4A95-90A3-373DAA66D6F2}.Release|Any CPU.ActiveCfg = Release|Any CPU
		{48F885E1-78AD-4A95-90A3-373DAA66D6F2}.Release|Any CPU.Build.0 = Release|Any CPU
		{FACEBF56-B390-4947-B455-39821AFE61CB}.Debug|Any CPU.ActiveCfg = Debug|Any CPU
		{FACEBF56-B390-4947-B455-39821AFE61CB}.Debug|Any CPU.Build.0 = Debug|Any CPU
		{FACEBF56-B390-4947-B455-39821AFE61CB}.Release|Any CPU.ActiveCfg = Release|Any CPU
		{FACEBF56-B390-4947-B455-39821AFE61CB}.Release|Any CPU.Build.0 = Release|Any CPU
		{400100C1-CFCC-4904-B536-90003BAAB852}.Debug|Any CPU.ActiveCfg = Debug|Any CPU
		{400100C1-CFCC-4904-B536-90003BAAB852}.Debug|Any CPU.Build.0 = Debug|Any CPU
		{400100C1-CFCC-4904-B536-90003BAAB852}.Release|Any CPU.ActiveCfg = Release|Any CPU
		{400100C1-CFCC-4904-B536-90003BAAB852}.Release|Any CPU.Build.0 = Release|Any CPU
		{13E7FE10-A376-44BD-B866-ECE059455A83}.Debug|Any CPU.ActiveCfg = Debug|Any CPU
		{13E7FE10-A376-44BD-B866-ECE059455A83}.Debug|Any CPU.Build.0 = Debug|Any CPU
		{13E7FE10-A376-44BD-B866-ECE059455A83}.Release|Any CPU.ActiveCfg = Release|Any CPU
		{13E7FE10-A376-44BD-B866-ECE059455A83}.Release|Any CPU.Build.0 = Release|Any CPU
		{A2FCF733-0681-42FE-BF40-4CD561B95633}.Debug|Any CPU.ActiveCfg = Debug|Any CPU
		{A2FCF733-0681-42FE-BF40-4CD561B95633}.Debug|Any CPU.Build.0 = Debug|Any CPU
		{A2FCF733-0681-42FE-BF40-4CD561B95633}.Release|Any CPU.ActiveCfg = Release|Any CPU
		{A2FCF733-0681-42FE-BF40-4CD561B95633}.Release|Any CPU.Build.0 = Release|Any CPU
		{77D6BD5C-A340-415C-BF95-0730D059B89A}.Debug|Any CPU.ActiveCfg = Debug|Any CPU
		{77D6BD5C-A340-415C-BF95-0730D059B89A}.Debug|Any CPU.Build.0 = Debug|Any CPU
		{77D6BD5C-A340-415C-BF95-0730D059B89A}.Release|Any CPU.ActiveCfg = Release|Any CPU
		{77D6BD5C-A340-415C-BF95-0730D059B89A}.Release|Any CPU.Build.0 = Release|Any CPU
		{D4A1221C-4A8D-4C46-A621-854CD2BF184D}.Debug|Any CPU.ActiveCfg = Debug|Any CPU
		{D4A1221C-4A8D-4C46-A621-854CD2BF184D}.Debug|Any CPU.Build.0 = Debug|Any CPU
		{D4A1221C-4A8D-4C46-A621-854CD2BF184D}.Release|Any CPU.ActiveCfg = Release|Any CPU
		{D4A1221C-4A8D-4C46-A621-854CD2BF184D}.Release|Any CPU.Build.0 = Release|Any CPU
		{F06B65FB-3487-451B-935F-7D9C9936A0CF}.Debug|Any CPU.ActiveCfg = Debug|Any CPU
		{F06B65FB-3487-451B-935F-7D9C9936A0CF}.Debug|Any CPU.Build.0 = Debug|Any CPU
		{F06B65FB-3487-451B-935F-7D9C9936A0CF}.Release|Any CPU.ActiveCfg = Release|Any CPU
		{F06B65FB-3487-451B-935F-7D9C9936A0CF}.Release|Any CPU.Build.0 = Release|Any CPU
		{331C05AD-773D-44FB-97BF-47E2C034E4A6}.Debug|Any CPU.ActiveCfg = Debug|Any CPU
		{331C05AD-773D-44FB-97BF-47E2C034E4A6}.Debug|Any CPU.Build.0 = Debug|Any CPU
		{331C05AD-773D-44FB-97BF-47E2C034E4A6}.Release|Any CPU.ActiveCfg = Release|Any CPU
		{331C05AD-773D-44FB-97BF-47E2C034E4A6}.Release|Any CPU.Build.0 = Release|Any CPU
		{ACCBA3E3-402C-4FE9-894C-E1D86A491174}.Debug|Any CPU.ActiveCfg = Debug|Any CPU
		{ACCBA3E3-402C-4FE9-894C-E1D86A491174}.Debug|Any CPU.Build.0 = Debug|Any CPU
		{ACCBA3E3-402C-4FE9-894C-E1D86A491174}.Release|Any CPU.ActiveCfg = Release|Any CPU
		{ACCBA3E3-402C-4FE9-894C-E1D86A491174}.Release|Any CPU.Build.0 = Release|Any CPU
		{44C1C2D4-3534-4AB6-9248-D61B2B6277CB}.Debug|Any CPU.ActiveCfg = Debug|Any CPU
		{44C1C2D4-3534-4AB6-9248-D61B2B6277CB}.Debug|Any CPU.Build.0 = Debug|Any CPU
		{44C1C2D4-3534-4AB6-9248-D61B2B6277CB}.Release|Any CPU.ActiveCfg = Release|Any CPU
		{44C1C2D4-3534-4AB6-9248-D61B2B6277CB}.Release|Any CPU.Build.0 = Release|Any CPU
		{BFE824B0-0AB4-49AA-AFC9-AE6A6C3E671E}.Debug|Any CPU.ActiveCfg = Debug|Any CPU
		{BFE824B0-0AB4-49AA-AFC9-AE6A6C3E671E}.Debug|Any CPU.Build.0 = Debug|Any CPU
		{BFE824B0-0AB4-49AA-AFC9-AE6A6C3E671E}.Release|Any CPU.ActiveCfg = Release|Any CPU
		{BFE824B0-0AB4-49AA-AFC9-AE6A6C3E671E}.Release|Any CPU.Build.0 = Release|Any CPU
		{9BC57E26-E98C-45D6-9E63-BE8B8FCACC73}.Debug|Any CPU.ActiveCfg = Debug|Any CPU
		{9BC57E26-E98C-45D6-9E63-BE8B8FCACC73}.Debug|Any CPU.Build.0 = Debug|Any CPU
		{9BC57E26-E98C-45D6-9E63-BE8B8FCACC73}.Release|Any CPU.ActiveCfg = Release|Any CPU
		{9BC57E26-E98C-45D6-9E63-BE8B8FCACC73}.Release|Any CPU.Build.0 = Release|Any CPU
		{75F709B9-C57B-435F-A1FA-267EFFFB9499}.Debug|Any CPU.ActiveCfg = Debug|Any CPU
		{75F709B9-C57B-435F-A1FA-267EFFFB9499}.Debug|Any CPU.Build.0 = Debug|Any CPU
		{75F709B9-C57B-435F-A1FA-267EFFFB9499}.Release|Any CPU.ActiveCfg = Release|Any CPU
		{75F709B9-C57B-435F-A1FA-267EFFFB9499}.Release|Any CPU.Build.0 = Release|Any CPU
		{884FD019-EC73-49C0-ADA4-FED235D11538}.Debug|Any CPU.ActiveCfg = Debug|Any CPU
		{884FD019-EC73-49C0-ADA4-FED235D11538}.Debug|Any CPU.Build.0 = Debug|Any CPU
		{884FD019-EC73-49C0-ADA4-FED235D11538}.Release|Any CPU.ActiveCfg = Release|Any CPU
		{884FD019-EC73-49C0-ADA4-FED235D11538}.Release|Any CPU.Build.0 = Release|Any CPU
		{76C84264-8267-42A0-A072-46CB4059518F}.Debug|Any CPU.ActiveCfg = Debug|Any CPU
		{76C84264-8267-42A0-A072-46CB4059518F}.Debug|Any CPU.Build.0 = Debug|Any CPU
		{76C84264-8267-42A0-A072-46CB4059518F}.Release|Any CPU.ActiveCfg = Release|Any CPU
		{76C84264-8267-42A0-A072-46CB4059518F}.Release|Any CPU.Build.0 = Release|Any CPU
		{8F2B25EF-57BD-4F93-8C6A-FA6A547E8D07}.Debug|Any CPU.ActiveCfg = Debug|Any CPU
		{8F2B25EF-57BD-4F93-8C6A-FA6A547E8D07}.Debug|Any CPU.Build.0 = Debug|Any CPU
		{8F2B25EF-57BD-4F93-8C6A-FA6A547E8D07}.Release|Any CPU.ActiveCfg = Release|Any CPU
		{8F2B25EF-57BD-4F93-8C6A-FA6A547E8D07}.Release|Any CPU.Build.0 = Release|Any CPU
		{B2C3BF2E-CC3B-4CD9-8117-3C8AF099E221}.Debug|Any CPU.ActiveCfg = Debug|Any CPU
		{B2C3BF2E-CC3B-4CD9-8117-3C8AF099E221}.Debug|Any CPU.Build.0 = Debug|Any CPU
		{B2C3BF2E-CC3B-4CD9-8117-3C8AF099E221}.Release|Any CPU.ActiveCfg = Release|Any CPU
		{B2C3BF2E-CC3B-4CD9-8117-3C8AF099E221}.Release|Any CPU.Build.0 = Release|Any CPU
		{21D6ABB5-1991-4CCA-B8EB-FE9778AC63B1}.Debug|Any CPU.ActiveCfg = Debug|Any CPU
		{21D6ABB5-1991-4CCA-B8EB-FE9778AC63B1}.Debug|Any CPU.Build.0 = Debug|Any CPU
		{21D6ABB5-1991-4CCA-B8EB-FE9778AC63B1}.Release|Any CPU.ActiveCfg = Release|Any CPU
		{21D6ABB5-1991-4CCA-B8EB-FE9778AC63B1}.Release|Any CPU.Build.0 = Release|Any CPU
		{06D7919A-BB2A-4C5B-97E9-FD566858E1B4}.Debug|Any CPU.ActiveCfg = Debug|Any CPU
		{06D7919A-BB2A-4C5B-97E9-FD566858E1B4}.Debug|Any CPU.Build.0 = Debug|Any CPU
		{06D7919A-BB2A-4C5B-97E9-FD566858E1B4}.Release|Any CPU.ActiveCfg = Release|Any CPU
		{06D7919A-BB2A-4C5B-97E9-FD566858E1B4}.Release|Any CPU.Build.0 = Release|Any CPU
		{FD2BF279-FAAB-4DA7-88BE-4021C702A7D5}.Debug|Any CPU.ActiveCfg = Debug|Any CPU
		{FD2BF279-FAAB-4DA7-88BE-4021C702A7D5}.Debug|Any CPU.Build.0 = Debug|Any CPU
		{FD2BF279-FAAB-4DA7-88BE-4021C702A7D5}.Release|Any CPU.ActiveCfg = Release|Any CPU
		{FD2BF279-FAAB-4DA7-88BE-4021C702A7D5}.Release|Any CPU.Build.0 = Release|Any CPU
		{61093B6F-A96A-4C13-8293-0FB179E5A665}.Debug|Any CPU.ActiveCfg = Debug|Any CPU
		{61093B6F-A96A-4C13-8293-0FB179E5A665}.Debug|Any CPU.Build.0 = Debug|Any CPU
		{61093B6F-A96A-4C13-8293-0FB179E5A665}.Release|Any CPU.ActiveCfg = Release|Any CPU
		{61093B6F-A96A-4C13-8293-0FB179E5A665}.Release|Any CPU.Build.0 = Release|Any CPU
		{30E731B9-60A0-4DA6-8B2B-7D72F5B232C4}.Debug|Any CPU.ActiveCfg = Debug|Any CPU
		{30E731B9-60A0-4DA6-8B2B-7D72F5B232C4}.Debug|Any CPU.Build.0 = Debug|Any CPU
		{30E731B9-60A0-4DA6-8B2B-7D72F5B232C4}.Release|Any CPU.ActiveCfg = Release|Any CPU
		{30E731B9-60A0-4DA6-8B2B-7D72F5B232C4}.Release|Any CPU.Build.0 = Release|Any CPU
		{754DB184-36FA-412E-9316-7FD3954047AC}.Debug|Any CPU.ActiveCfg = Debug|Any CPU
		{754DB184-36FA-412E-9316-7FD3954047AC}.Debug|Any CPU.Build.0 = Debug|Any CPU
		{754DB184-36FA-412E-9316-7FD3954047AC}.Release|Any CPU.ActiveCfg = Release|Any CPU
		{754DB184-36FA-412E-9316-7FD3954047AC}.Release|Any CPU.Build.0 = Release|Any CPU
		{E7943EC3-3F76-4A12-A8B8-56CFBBAFC4F4}.Debug|Any CPU.ActiveCfg = Debug|Any CPU
		{E7943EC3-3F76-4A12-A8B8-56CFBBAFC4F4}.Debug|Any CPU.Build.0 = Debug|Any CPU
		{E7943EC3-3F76-4A12-A8B8-56CFBBAFC4F4}.Release|Any CPU.ActiveCfg = Release|Any CPU
		{E7943EC3-3F76-4A12-A8B8-56CFBBAFC4F4}.Release|Any CPU.Build.0 = Release|Any CPU
		{A51BBF8F-AB67-4273-828B-7F141F27DBAF}.Debug|Any CPU.ActiveCfg = Debug|Any CPU
		{A51BBF8F-AB67-4273-828B-7F141F27DBAF}.Debug|Any CPU.Build.0 = Debug|Any CPU
		{A51BBF8F-AB67-4273-828B-7F141F27DBAF}.Release|Any CPU.ActiveCfg = Release|Any CPU
		{A51BBF8F-AB67-4273-828B-7F141F27DBAF}.Release|Any CPU.Build.0 = Release|Any CPU
	EndGlobalSection
	GlobalSection(SolutionProperties) = preSolution
		HideSolutionNode = FALSE
	EndGlobalSection
	GlobalSection(ExtensibilityGlobals) = postSolution
		SolutionGuid = {1149F8AD-5665-4BCB-99F7-3FA33BF61C92}
	EndGlobalSection
EndGlobal
